<Solution>
  <Folder Name="/src/" />
  <Folder Name="/src/api/" />
  <Folder Name="/src/api/telemetry/">
    <Project Path="src/api/telemetry/AFIE.Telemetry.csproj" />
  </Folder>
  <Folder Name="/tests/">
    <Project Path="tests/AFIE.Telemetry.Tests/AFIE.Telemetry.Tests.csproj" />
  </Folder>
  <Folder Name="/src/shared/">
  <Project Path="src/shared/AFIE.Contracts/AFIE.Contracts.csproj" />
</Folder>
</Solution>
